
Microsoft Visual Studio Solution File, Format Version 12.00
Project("{FAE04EC0-301F-11D3-BF4B-00C04F79EFBC}") = "lesson7", "lesson7.csproj", "{B41B0D45-7BAC-4A42-B401-873952186236}"
EndProject
Global
	GlobalSection(SolutionConfigurationPlatforms) = preSolution
		Debug|Any CPU = Debug|Any CPU
		Release|Any CPU = Release|Any CPU
	EndGlobalSection
	GlobalSection(ProjectConfigurationPlatforms) = postSolution
		{B41B0D45-7BAC-4A42-B401-873952186236}.Debug|Any CPU.ActiveCfg = Debug|Any CPU
		{B41B0D45-7BAC-4A42-B401-873952186236}.Debug|Any CPU.Build.0 = Debug|Any CPU
		{B41B0D45-7BAC-4A42-B401-873952186236}.Release|Any CPU.ActiveCfg = Release|Any CPU
		{B41B0D45-7BAC-4A42-B401-873952186236}.Release|Any CPU.Build.0 = Release|Any CPU
	EndGlobalSection
EndGlobal
